
Microsoft Visual Studio Solution File, Format Version 12.00
# Visual Studio Version 17
VisualStudioVersion = 17.13.35913.81 d17.13
MinimumVisualStudioVersion = 10.0.40219.1
Project("{FAE04EC0-301F-11D3-BF4B-00C04F79EFBC}") = "SimpleMethod", "SimpleMethod\SimpleMethod.csproj", "{AFFC5204-9E71-4992-B7CF-837984E1BFAB}"
EndProject
Global
	GlobalSection(SolutionConfigurationPlatforms) = preSolution
		Debug|Any CPU = Debug|Any CPU
		Release|Any CPU = Release|Any CPU
	EndGlobalSection
	GlobalSection(ProjectConfigurationPlatforms) = postSolution
		{AFFC5204-9E71-4992-B7CF-837984E1BFAB}.Debug|Any CPU.ActiveCfg = Debug|Any CPU
		{AFFC5204-9E71-4992-B7CF-837984E1BFAB}.Debug|Any CPU.Build.0 = Debug|Any CPU
		{AFFC5204-9E71-4992-B7CF-837984E1BFAB}.Release|Any CPU.ActiveCfg = Release|Any CPU
		{AFFC5204-9E71-4992-B7CF-837984E1BFAB}.Release|Any CPU.Build.0 = Release|Any CPU
	EndGlobalSection
	GlobalSection(SolutionProperties) = preSolution
		HideSolutionNode = FALSE
	EndGlobalSection
	GlobalSection(ExtensibilityGlobals) = postSolution
		SolutionGuid = {C062CCC6-0DB0-44AE-B252-B8E75ABED4FB}
	EndGlobalSection
EndGlobal
